
Microsoft Visual Studio Solution File, Format Version 12.00
# Visual Studio Version 17
VisualStudioVersion = 17.12.35514.174 d17.12
MinimumVisualStudioVersion = 10.0.40219.1
Project("{FAE04EC0-301F-11D3-BF4B-00C04F79EFBC}") = "Kalkulator części - programowanie wizualne 2", "Kalkulator części - programowanie wizualne 2\Kalkulator części - programowanie wizualne 2.csproj", "{11ADE874-D174-4875-9069-0DA6C42B8B68}"
EndProject
Global
	GlobalSection(SolutionConfigurationPlatforms) = preSolution
		Debug|Any CPU = Debug|Any CPU
		Release|Any CPU = Release|Any CPU
	EndGlobalSection
	GlobalSection(ProjectConfigurationPlatforms) = postSolution
		{11ADE874-D174-4875-9069-0DA6C42B8B68}.Debug|Any CPU.ActiveCfg = Debug|Any CPU
		{11ADE874-D174-4875-9069-0DA6C42B8B68}.Debug|Any CPU.Build.0 = Debug|Any CPU
		{11ADE874-D174-4875-9069-0DA6C42B8B68}.Release|Any CPU.ActiveCfg = Release|Any CPU
		{11ADE874-D174-4875-9069-0DA6C42B8B68}.Release|Any CPU.Build.0 = Release|Any CPU
	EndGlobalSection
	GlobalSection(SolutionProperties) = preSolution
		HideSolutionNode = FALSE
	EndGlobalSection
EndGlobal
